
Microsoft Visual Studio Solution File, Format Version 12.00
# Visual Studio Version 16
VisualStudioVersion = 16.0.30225.117
MinimumVisualStudioVersion = 10.0.40219.1
Project("{FAE04EC0-301F-11D3-BF4B-00C04F79EFBC}") = "WallPaper", "WallPaper.csproj", "{FFEFDD4B-F94D-4E6A-85ED-874394C62FAE}"
EndProject
Global
	GlobalSection(SolutionConfigurationPlatforms) = preSolution
		Debug|Any CPU = Debug|Any CPU
		Release|Any CPU = Release|Any CPU
	EndGlobalSection
	GlobalSection(ProjectConfigurationPlatforms) = postSolution
		{FFEFDD4B-F94D-4E6A-85ED-874394C62FAE}.Debug|Any CPU.ActiveCfg = Debug|Any CPU
		{FFEFDD4B-F94D-4E6A-85ED-874394C62FAE}.Debug|Any CPU.Build.0 = Debug|Any CPU
		{FFEFDD4B-F94D-4E6A-85ED-874394C62FAE}.Release|Any CPU.ActiveCfg = Release|Any CPU
		{FFEFDD4B-F94D-4E6A-85ED-874394C62FAE}.Release|Any CPU.Build.0 = Release|Any CPU
	EndGlobalSection
	GlobalSection(SolutionProperties) = preSolution
		HideSolutionNode = FALSE
	EndGlobalSection
	GlobalSection(ExtensibilityGlobals) = postSolution
		SolutionGuid = {3B91EC50-0D8E-4A7B-8CF2-6A476F4BF035}
	EndGlobalSection
EndGlobal
